
Microsoft Visual Studio Solution File, Format Version 12.00
# Visual Studio 15
Project("{FAE04EC0-301F-11D3-BF4B-00C04F79EFBC}") = "Assembly-CSharp-firstpass", "Assembly-CSharp-firstpass.csproj", "{0E05A5D8-A6DA-A268-F818-68BCF97324C0}"
EndProject
Project("{FAE04EC0-301F-11D3-BF4B-00C04F79EFBC}") = "Assembly-CSharp", "Assembly-CSharp.csproj", "{3924056E-55A4-1F30-AF25-9C38E080149B}"
EndProject
Project("{FAE04EC0-301F-11D3-BF4B-00C04F79EFBC}") = "Assembly-CSharp-Editor-firstpass", "Assembly-CSharp-Editor-firstpass.csproj", "{31B0BC38-2E86-7E29-1EFB-B553777C3C53}"
EndProject
Global
	GlobalSection(SolutionConfigurationPlatforms) = preSolution
		Debug|Any CPU = Debug|Any CPU
		Release|Any CPU = Release|Any CPU
	EndGlobalSection
	GlobalSection(ProjectConfigurationPlatforms) = postSolution
		{0E05A5D8-A6DA-A268-F818-68BCF97324C0}.Debug|Any CPU.ActiveCfg = Debug|Any CPU
		{0E05A5D8-A6DA-A268-F818-68BCF97324C0}.Debug|Any CPU.Build.0 = Debug|Any CPU
		{0E05A5D8-A6DA-A268-F818-68BCF97324C0}.Release|Any CPU.ActiveCfg = Release|Any CPU
		{0E05A5D8-A6DA-A268-F818-68BCF97324C0}.Release|Any CPU.Build.0 = Release|Any CPU
		{3924056E-55A4-1F30-AF25-9C38E080149B}.Debug|Any CPU.ActiveCfg = Debug|Any CPU
		{3924056E-55A4-1F30-AF25-9C38E080149B}.Debug|Any CPU.Build.0 = Debug|Any CPU
		{3924056E-55A4-1F30-AF25-9C38E080149B}.Release|Any CPU.ActiveCfg = Release|Any CPU
		{3924056E-55A4-1F30-AF25-9C38E080149B}.Release|Any CPU.Build.0 = Release|Any CPU
		{31B0BC38-2E86-7E29-1EFB-B553777C3C53}.Debug|Any CPU.ActiveCfg = Debug|Any CPU
		{31B0BC38-2E86-7E29-1EFB-B553777C3C53}.Debug|Any CPU.Build.0 = Debug|Any CPU
		{31B0BC38-2E86-7E29-1EFB-B553777C3C53}.Release|Any CPU.ActiveCfg = Release|Any CPU
		{31B0BC38-2E86-7E29-1EFB-B553777C3C53}.Release|Any CPU.Build.0 = Release|Any CPU
	EndGlobalSection
	GlobalSection(SolutionProperties) = preSolution
		HideSolutionNode = FALSE
	EndGlobalSection
EndGlobal
