
Microsoft Visual Studio Solution File, Format Version 12.00
# Visual Studio 15
Project("{FAE04EC0-301F-11D3-BF4B-00C04F79EFBC}") = "Assembly-CSharp", "Assembly-CSharp.csproj", "{67DC19F1-6F93-6421-5116-6E512D536B89}"
EndProject
Global
	GlobalSection(SolutionConfigurationPlatforms) = preSolution
		Debug|Any CPU = Debug|Any CPU
		Release|Any CPU = Release|Any CPU
	EndGlobalSection
	GlobalSection(ProjectConfigurationPlatforms) = postSolution
		{67DC19F1-6F93-6421-5116-6E512D536B89}.Debug|Any CPU.ActiveCfg = Debug|Any CPU
		{67DC19F1-6F93-6421-5116-6E512D536B89}.Debug|Any CPU.Build.0 = Debug|Any CPU
		{67DC19F1-6F93-6421-5116-6E512D536B89}.Release|Any CPU.ActiveCfg = Release|Any CPU
		{67DC19F1-6F93-6421-5116-6E512D536B89}.Release|Any CPU.Build.0 = Release|Any CPU
	EndGlobalSection
	GlobalSection(SolutionProperties) = preSolution
		HideSolutionNode = FALSE
	EndGlobalSection
EndGlobal
