
Microsoft Visual Studio Solution File, Format Version 12.00
# Visual Studio Version 16
VisualStudioVersion = 16.0.31410.357
MinimumVisualStudioVersion = 10.0.40219.1
Project("{FAE04EC0-301F-11D3-BF4B-00C04F79EFBC}") = "Server", "Server\Server.csproj", "{54D69F80-24F7-4074-994F-3FE39989D4EF}"
EndProject
Project("{FAE04EC0-301F-11D3-BF4B-00C04F79EFBC}") = "PEProtocol", "PEProtocol\PEProtocol.csproj", "{C5C270A3-59E9-4AE7-BAD0-6D46FE738EAD}"
EndProject
Global
	GlobalSection(SolutionConfigurationPlatforms) = preSolution
		Debug|Any CPU = Debug|Any CPU
		Release|Any CPU = Release|Any CPU
	EndGlobalSection
	GlobalSection(ProjectConfigurationPlatforms) = postSolution
		{54D69F80-24F7-4074-994F-3FE39989D4EF}.Debug|Any CPU.ActiveCfg = Debug|Any CPU
		{54D69F80-24F7-4074-994F-3FE39989D4EF}.Debug|Any CPU.Build.0 = Debug|Any CPU
		{54D69F80-24F7-4074-994F-3FE39989D4EF}.Release|Any CPU.ActiveCfg = Release|Any CPU
		{54D69F80-24F7-4074-994F-3FE39989D4EF}.Release|Any CPU.Build.0 = Release|Any CPU
		{C5C270A3-59E9-4AE7-BAD0-6D46FE738EAD}.Debug|Any CPU.ActiveCfg = Debug|Any CPU
		{C5C270A3-59E9-4AE7-BAD0-6D46FE738EAD}.Debug|Any CPU.Build.0 = Debug|Any CPU
		{C5C270A3-59E9-4AE7-BAD0-6D46FE738EAD}.Release|Any CPU.ActiveCfg = Release|Any CPU
		{C5C270A3-59E9-4AE7-BAD0-6D46FE738EAD}.Release|Any CPU.Build.0 = Release|Any CPU
	EndGlobalSection
	GlobalSection(SolutionProperties) = preSolution
		HideSolutionNode = FALSE
	EndGlobalSection
	GlobalSection(ExtensibilityGlobals) = postSolution
		SolutionGuid = {1ED15BD0-3884-43B2-B3B7-8E97BDE2AD84}
	EndGlobalSection
EndGlobal
