
Microsoft Visual Studio Solution File, Format Version 12.00
# Visual Studio Version 16
VisualStudioVersion = 16.0.31410.357
MinimumVisualStudioVersion = 10.0.40219.1
Project("{FAE04EC0-301F-11D3-BF4B-00C04F79EFBC}") = "Server", "Server\Server.csproj", "{6E899F0E-A16B-4BA5-8F1F-846DD66D702C}"
EndProject
Project("{FAE04EC0-301F-11D3-BF4B-00C04F79EFBC}") = "Protocol", "Protocol\Protocol.csproj", "{F28F0822-1493-4DAA-A5F2-22AFB7DCF606}"
EndProject
Global
	GlobalSection(SolutionConfigurationPlatforms) = preSolution
		Debug|Any CPU = Debug|Any CPU
		Release|Any CPU = Release|Any CPU
	EndGlobalSection
	GlobalSection(ProjectConfigurationPlatforms) = postSolution
		{6E899F0E-A16B-4BA5-8F1F-846DD66D702C}.Debug|Any CPU.ActiveCfg = Debug|Any CPU
		{6E899F0E-A16B-4BA5-8F1F-846DD66D702C}.Debug|Any CPU.Build.0 = Debug|Any CPU
		{6E899F0E-A16B-4BA5-8F1F-846DD66D702C}.Release|Any CPU.ActiveCfg = Release|Any CPU
		{6E899F0E-A16B-4BA5-8F1F-846DD66D702C}.Release|Any CPU.Build.0 = Release|Any CPU
		{F28F0822-1493-4DAA-A5F2-22AFB7DCF606}.Debug|Any CPU.ActiveCfg = Debug|Any CPU
		{F28F0822-1493-4DAA-A5F2-22AFB7DCF606}.Debug|Any CPU.Build.0 = Debug|Any CPU
		{F28F0822-1493-4DAA-A5F2-22AFB7DCF606}.Release|Any CPU.ActiveCfg = Release|Any CPU
		{F28F0822-1493-4DAA-A5F2-22AFB7DCF606}.Release|Any CPU.Build.0 = Release|Any CPU
	EndGlobalSection
	GlobalSection(SolutionProperties) = preSolution
		HideSolutionNode = FALSE
	EndGlobalSection
	GlobalSection(ExtensibilityGlobals) = postSolution
		SolutionGuid = {D8FA292B-4018-4393-87E4-501C273B1FE9}
	EndGlobalSection
EndGlobal
